<?xml version="1.0" encoding="utf-8"?>
<Project ToolsVersion="4.0" xmlns="http://schemas.microsoft.com/developer/msbuild/2003">
  <ItemGroup>
    <Filter Include="res">
      <UniqueIdentifier>{4FA5880B-BBAE-887C-442A-9F7CB032947C}</UniqueIdentifier>
    </Filter>
    <Filter Include="res\shader">
      <UniqueIdentifier>{35FAD04E-21B2-129C-8AB9-EBF77690AD8C}</UniqueIdentifier>
    </Filter>
    <Filter Include="res\textures">
      <UniqueIdentifier>{227C1C83-0EDF-AB27-B764-E4DDA3A677AA}</UniqueIdentifier>
    </Filter>
    <Filter Include="scripts">
      <UniqueIdentifier>{6D076287-D9E6-E022-E2FE-6BF94E5D4784}</UniqueIdentifier>
    </Filter>
    <Filter Include="scripts\components">
      <UniqueIdentifier>{8272CD43-6E56-8E99-D7B6-88ECC3B9781B}</UniqueIdentifier>
    </Filter>
    <Filter Include="scripts\entity">
      <UniqueIdentifier>{39EB8D9F-25B9-81A5-0E4D-F2CBFAB95D0A}</UniqueIdentifier>
    </Filter>
    <Filter Include="scripts\tile">
      <UniqueIdentifier>{2A9C94CA-16FF-236F-BF84-5C25ABC6EFF1}</UniqueIdentifier>
    </Filter>
    <Filter Include="src">
      <UniqueIdentifier>{2DAB880B-99B4-887C-2230-9F7C8E38947C}</UniqueIdentifier>
    </Filter>
    <Filter Include="src\events">
      <UniqueIdentifier>{91766759-7D2E-A9A6-E635-8202D20C4497}</UniqueIdentifier>
    </Filter>
    <Filter Include="src\graphics">
      <UniqueIdentifier>{2DF282EC-1955-1291-C2DA-4A47AE1CDE13}</UniqueIdentifier>
    </Filter>
  </ItemGroup>
  <ItemGroup>
    <ClInclude Include="src\Application.h">
      <Filter>src</Filter>
    </ClInclude>
    <ClInclude Include="src\Game.h">
      <Filter>src</Filter>
    </ClInclude>
    <ClInclude Include="src\Input.h">
      <Filter>src</Filter>
    </ClInclude>
    <ClInclude Include="src\Log.h">
      <Filter>src</Filter>
    </ClInclude>
    <ClInclude Include="src\LuaManager.h">
      <Filter>src</Filter>
    </ClInclude>
    <ClInclude Include="src\Renderer.h">
      <Filter>src</Filter>
    </ClInclude>
    <ClInclude Include="src\Window.h">
      <Filter>src</Filter>
    </ClInclude>
    <ClInclude Include="src\WindowsWindow.h">
      <Filter>src</Filter>
    </ClInclude>
    <ClInclude Include="src\events\ApplicationEvent.h">
      <Filter>src\events</Filter>
    </ClInclude>
    <ClInclude Include="src\events\Event.h">
      <Filter>src\events</Filter>
    </ClInclude>
    <ClInclude Include="src\events\KeyEvent.h">
      <Filter>src\events</Filter>
    </ClInclude>
    <ClInclude Include="src\events\MouseEvent.h">
      <Filter>src\events</Filter>
    </ClInclude>
    <ClInclude Include="src\events\WindowEvent.h">
      <Filter>src\events</Filter>
    </ClInclude>
    <ClInclude Include="src\gearpch.h">
      <Filter>src</Filter>
    </ClInclude>
    <ClInclude Include="src\graphics\Graphics.h">
      <Filter>src\graphics</Filter>
    </ClInclude>
    <ClInclude Include="src\graphics\IndexBuffer.h">
      <Filter>src\graphics</Filter>
    </ClInclude>
    <ClInclude Include="src\graphics\Shader.h">
      <Filter>src\graphics</Filter>
    </ClInclude>
    <ClInclude Include="src\graphics\VertexArray.h">
      <Filter>src\graphics</Filter>
    </ClInclude>
    <ClInclude Include="src\graphics\VertexBuffer.h">
      <Filter>src\graphics</Filter>
    </ClInclude>
    <ClInclude Include="src\graphics\VertexBufferLayout.h">
      <Filter>src\graphics</Filter>
    </ClInclude>
  </ItemGroup>
  <ItemGroup>
    <ClCompile Include="src\Application.cpp">
      <Filter>src</Filter>
    </ClCompile>
    <ClCompile Include="src\Game.cpp">
      <Filter>src</Filter>
    </ClCompile>
    <ClCompile Include="src\Input.cpp">
      <Filter>src</Filter>
    </ClCompile>
    <ClCompile Include="src\Log.cpp">
      <Filter>src</Filter>
    </ClCompile>
    <ClCompile Include="src\LuaManager.cpp">
      <Filter>src</Filter>
    </ClCompile>
    <ClCompile Include="src\Main.cpp">
      <Filter>src</Filter>
    </ClCompile>
    <ClCompile Include="src\Renderer.cpp">
      <Filter>src</Filter>
    </ClCompile>
    <ClCompile Include="src\WindowsWindow.cpp">
      <Filter>src</Filter>
    </ClCompile>
    <ClCompile Include="src\gearpch.cpp">
      <Filter>src</Filter>
    </ClCompile>
    <ClCompile Include="src\graphics\Graphics.cpp">
      <Filter>src\graphics</Filter>
    </ClCompile>
    <ClCompile Include="src\graphics\IndexBuffer.cpp">
      <Filter>src\graphics</Filter>
    </ClCompile>
    <ClCompile Include="src\graphics\Shader.cpp">
      <Filter>src\graphics</Filter>
    </ClCompile>
    <ClCompile Include="src\graphics\VertexArray.cpp">
      <Filter>src\graphics</Filter>
    </ClCompile>
    <ClCompile Include="src\graphics\VertexBuffer.cpp">
      <Filter>src\graphics</Filter>
    </ClCompile>
    <ClCompile Include="src\graphics\VertexBufferLayout.cpp">
      <Filter>src\graphics</Filter>
    </ClCompile>
  </ItemGroup>
  <ItemGroup>
    <None Include="scripts\components\health.lua">
      <Filter>scripts\components</Filter>
    </None>
    <None Include="scripts\entity\player.lua">
      <Filter>scripts\entity</Filter>
    </None>
    <None Include="scripts\entity\test2.lua">
      <Filter>scripts\entity</Filter>
    </None>
    <None Include="scripts\renderer.lua" />
    <None Include="scripts\tile_renderer.lua" />
    <None Include="scripts\entity_renderer.lua" />
    <None Include="scripts\ui_renderer.lua" />
    <None Include="scripts\ui\button.lua" />
    <None Include="res\shader\Ui.shader" />
    <None Include="scripts\ui\progress_bar.lua" />
    <None Include="res\shader\Basic.shader" />
    <None Include="scripts\components\inventory.lua" />
    <None Include="scripts\ui\slot.lua" />
    <None Include="scripts\ui\container.lua" />
    <None Include="scripts\tileentity\chest.lua" />
    <None Include="scripts\components\transform.lua">
      <Filter>scripts\components</Filter>
    </None>
    <None Include="scripts\item\food_bowl2.lua" />
    <None Include="scripts\item\copper_sword2.lua" />
    <None Include="scripts\item\copper_ingot2.lua" />
    <None Include="scripts\item\copper_sword.lua" />
    <None Include="scripts\item\copper_ingot.lua" />
    <None Include="scripts\item\food_bowl.lua" />
    <None Include="scripts\components\usable.lua" />
    <None Include="scripts\prefab.lua" />
    <None Include="scripts\prefabs\player.lua" />
    <None Include="scripts\prefabs\chest.lua" />
    <None Include="scripts\prefabs\components\transform.lua" />
    <None Include="scripts\prefabs\components\health.lua" />
    <None Include="scripts\prefabs\components\weapon.lua" />
    <None Include="scripts\prefabs\components\combat.lua" />
    <None Include="scripts\prefabs\components\inventory.lua" />
    <None Include="scripts\prefabs\food_bowl.lua" />
    <None Include="scripts\prefabs\copper_sword.lua" />
    <None Include="scripts\prefabs\dummy.lua" />
    <None Include="scripts\prefabs\components\armor.lua" />
    <None Include="scripts\prefabs\copper_armor.lua" />
    <None Include="scripts\class.lua" />
    <None Include="scripts\widgets\widget.lua" />
    <None Include="scripts\widgets\bar.lua" />
    <None Include="scripts\widgets\button.lua" />
  </ItemGroup>
  <ItemGroup>
    <Image Include="res\textures\test.png">
      <Filter>res\textures</Filter>
    </Image>
    <Image Include="res\textures\test2.png" />
    <Image Include="res\textures\test3.png" />
    <Image Include="res\textures\test5.png" />
    <Image Include="res\textures\test4.png" />
    <Image Include="res\textures\test6.png" />
  </ItemGroup>
</Project>